{
    "name": "music-platform",
    "version": "1.0.0",
    "lockfileVersion": 3,
    "requires": true,
    "packages": {
        "": {
            "name": "music-platform",
            "version": "1.0.0",
            "license": "ISC",
            "dependencies": {
                "cloudinary": "^1.41.3",
                "multiparty": "^4.2.3"
            }
        },
        "node_modules/cloudinary": {
            "version": "1.41.3",
            "resolved": "https://registry.npmjs.org/cloudinary/-/cloudinary-1.41.3.tgz",
            "integrity": "sha512-4o84y+E7dbif3lMns+p3UW6w6hLHEifbX/7zBJvaih1E9QNMZITENQ14GPYJC4JmhygYXsuuBb9bRA3xWEoOfg==",
            "license": "MIT",
            "dependencies": {
                "cloudinary-core": "^2.13.0",
                "core-js": "^3.30.1",
                "lodash": "^4.17.21",
                "q": "^1.5.1"
            },
            "engines": {
                "node": ">=0.6"
            }
        },
        "node_modules/cloudinary-core": {
            "version": "2.14.0",
            "resolved": "https://registry.npmjs.org/cloudinary-core/-/cloudinary-core-2.14.0.tgz",
            "integrity": "sha512-L+kjoYgU+5wyiPkSnmeCbmtT6DwSyYUN/WoI/fEb6Xsx2gtB3iuf/50W0SvcQkeKzllfH5Knh8I4ST924DkkRw==",
            "license": "MIT",
            "peerDependencies": {
                "lodash": ">=4.0"
            }
        },
        "node_modules/core-js": {
            "version": "3.47.0",
            "resolved": "https://registry.npmjs.org/core-js/-/core-js-3.47.0.tgz",
            "integrity": "sha512-c3Q2VVkGAUyupsjRnaNX6u8Dq2vAdzm9iuPj5FW0fRxzlxgq9Q39MDq10IvmQSpLgHQNyQzQmOo6bgGHmH3NNg==",
            "hasInstallScript": true,
            "license": "MIT",
            "funding": {
                "type": "opencollective",
                "url": "https://opencollective.com/core-js"
            }
        },
        "node_modules/depd": {
            "version": "1.1.2",
            "resolved": "https://registry.npmjs.org/depd/-/depd-1.1.2.tgz",
            "integrity": "sha512-7emPTl6Dpo6JRXOXjLRxck+FlLRX5847cLKEn00PLAgc3g2hTZZgr+e4c2v6QpSmLeFP3n5yUo7ft6avBK/5jQ==",
            "license": "MIT",
            "engines": {
                "node": ">= 0.6"
            }
        },
        "node_modules/http-errors": {
            "version": "1.8.1",
            "resolved": "https://registry.npmjs.org/http-errors/-/http-errors-1.8.1.tgz",
            "integrity": "sha512-Kpk9Sm7NmI+RHhnj6OIWDI1d6fIoFAtFt9RLaTMRlg/8w49juAStsrBgp0Dp4OdxdVbRIeKhtCUvoi/RuAhO4g==",
            "license": "MIT",
            "dependencies": {
                "depd": "~1.1.2",
                "inherits": "2.0.4",
                "setprototypeof": "1.2.0",
                "statuses": ">= 1.5.0 < 2",
                "toidentifier": "1.0.1"
            },
            "engines": {
                "node": ">= 0.6"
            }
        },
        "node_modules/inherits": {
            "version": "2.0.4",
            "resolved": "https://registry.npmjs.org/inherits/-/inherits-2.0.4.tgz",
            "integrity": "sha512-k/vGaX4/Yla3WzyMCvTQOXYeIHvqOKtnqBduzTHpzpQZzAskKMhZ2K+EnBiSM9zGSoIFeMpXKxa4dYeZIQqewQ==",
            "license": "ISC"
        },
        "node_modules/lodash": {
            "version": "4.17.21",
            "resolved": "https://registry.npmjs.org/lodash/-/lodash-4.17.21.tgz",
            "integrity": "sha512-v2kDEe57lecTulaDIuNTPy3Ry4gLGJ6Z1O3vE1krgXZNrsQ+LFTGHVxVjcXPs17LhbZVGedAJv8XZ1tvj5FvSg==",
            "license": "MIT"
        },
        "node_modules/multiparty": {
            "version": "4.2.3",
            "resolved": "https://registry.npmjs.org/multiparty/-/multiparty-4.2.3.tgz",
            "integrity": "sha512-Ak6EUJZuhGS8hJ3c2fY6UW5MbkGUPMBEGd13djUzoY/BHqV/gTuFWtC6IuVA7A2+v3yjBS6c4or50xhzTQZImQ==",
            "license": "MIT",
            "dependencies": {
                "http-errors": "~1.8.1",
                "safe-buffer": "5.2.1",
                "uid-safe": "2.1.5"
            },
            "engines": {
                "node": ">= 0.10"
            }
        },
        "node_modules/q": {
            "version": "1.5.1",
            "resolved": "https://registry.npmjs.org/q/-/q-1.5.1.tgz",
            "integrity": "sha512-kV/CThkXo6xyFEZUugw/+pIOywXcDbFYgSct5cT3gqlbkBE1SJdwy6UQoZvodiWF/ckQLZyDE/Bu1M6gVu5lVw==",
            "deprecated": "You or someone you depend on is using Q, the JavaScript Promise library that gave JavaScript developers strong feelings about promises. They can almost certainly migrate to the native JavaScript promise now. Thank you literally everyone for joining me in this bet against the odds. Be excellent to each other.\n\n(For a CapTP with native promises, see @endo/eventual-send and @endo/captp)",
            "license": "MIT",
            "engines": {
                "node": ">=0.6.0",
                "teleport": ">=0.2.0"
            }
        },
        "node_modules/random-bytes": {
            "version": "1.0.0",
            "resolved": "https://registry.npmjs.org/random-bytes/-/random-bytes-1.0.0.tgz",
            "integrity": "sha512-iv7LhNVO047HzYR3InF6pUcUsPQiHTM1Qal51DcGSuZFBil1aBBWG5eHPNek7bvILMaYJ/8RU1e8w1AMdHmLQQ==",
            "license": "MIT",
            "engines": {
                "node": ">= 0.8"
            }
        },
        "node_modules/safe-buffer": {
            "version": "5.2.1",
            "resolved": "https://registry.npmjs.org/safe-buffer/-/safe-buffer-5.2.1.tgz",
            "integrity": "sha512-rp3So07KcdmmKbGvgaNxQSJr7bGVSVk5S9Eq1F+ppbRo70+YeaDxkw5Dd8NPN+GD6bjnYm2VuPuCXmpuYvmCXQ==",
            "funding": [
                {
                    "type": "github",
                    "url": "https://github.com/sponsors/feross"
                },
                {
                    "type": "patreon",
                    "url": "https://www.patreon.com/feross"
                },
                {
                    "type": "consulting",
                    "url": "https://feross.org/support"
                }
            ],
            "license": "MIT"
        },
        "node_modules/setprototypeof": {
            "version": "1.2.0",
            "resolved": "https://registry.npmjs.org/setprototypeof/-/setprototypeof-1.2.0.tgz",
            "integrity": "sha512-E5LDX7Wrp85Kil5bhZv46j8jOeboKq5JMmYM3gVGdGH8xFpPWXUMsNrlODCrkoxMEeNi/XZIwuRvY4XNwYMJpw==",
            "license": "ISC"
        },
        "node_modules/statuses": {
            "version": "1.5.0",
            "resolved": "https://registry.npmjs.org/statuses/-/statuses-1.5.0.tgz",
            "integrity": "sha512-OpZ3zP+jT1PI7I8nemJX4AKmAX070ZkYPVWV/AaKTJl+tXCTGyVdC1a4SL8RUQYEwk/f34ZX8UTykN68FwrqAA==",
            "license": "MIT",
            "engines": {
                "node": ">= 0.6"
            }
        },
        "node_modules/toidentifier": {
            "version": "1.0.1",
            "resolved": "https://registry.npmjs.org/toidentifier/-/toidentifier-1.0.1.tgz",
            "integrity": "sha512-o5sSPKEkg/DIQNmH43V0/uerLrpzVedkUh8tGNvaeXpfpuwjKenlSox/2O/BTlZUtEe+JG7s5YhEz608PlAHRA==",
            "license": "MIT",
            "engines": {
                "node": ">=0.6"
            }
        },
        "node_modules/uid-safe": {
            "version": "2.1.5",
            "resolved": "https://registry.npmjs.org/uid-safe/-/uid-safe-2.1.5.tgz",
            "integrity": "sha512-KPHm4VL5dDXKz01UuEd88Df+KzynaohSL9fBh096KWAxSKZQDI2uBrVqtvRM4rwrIrRRKsdLNML/lnaaVSRioA==",
            "license": "MIT",
            "dependencies": {
                "random-bytes": "~1.0.0"
            },
            "engines": {
                "node": ">= 0.8"
            }
        }
    }
}
